<?xml version="1.0" encoding="UTF-8"?>
<Scheme
   LastUpgradeVersion = "0900"
   version = "1.7">
   <BuildAction
      parallelizeBuildables = "YES"
      buildImplicitDependencies = "YES">
      <PreActions>
         <ExecutionAction
            ActionType = "Xcode.IDEStandardExecutionActionsCore.ExecutionActionType.ShellScriptAction">
            <ActionContent
               title = "Run Script"
               scriptText = "exec &gt; ${PROJECT_DIR}/prebuild.log 2&gt;&amp;1&#10;echo &quot;Translate reconstShare.cl to hpp file...&quot;&#10;sh ${PROJECT_DIR}/clkernel2hpp.sh ${PROJECT_DIR}/CT_reconstruction/reconstShare.cl kernel_src_reconstShare&#10;echo &quot;done.&quot;&#10;echo &quot;OSEM.cl to hpp file...&quot;&#10;sh ${PROJECT_DIR}/clkernel2hpp.sh ${PROJECT_DIR}/CT_reconstruction/OSEM.cl kernel_src_osem&#10;echo &quot;done.&quot;&#10;echo &quot;AART.cl to hpp file...&quot;&#10;sh ${PROJECT_DIR}/clkernel2hpp.sh ${PROJECT_DIR}/CT_reconstruction/AART.cl kernel_src_aart&#10;echo &quot;done.&quot;&#10;echo &quot;FBP.cl to hpp file...&quot;&#10;sh ${PROJECT_DIR}/clkernel2hpp.sh ${PROJECT_DIR}/CT_reconstruction/FBP.cl kernel_src_fbp&#10;echo &quot;done.&quot;&#10;echo &quot;FISTA.cl to hpp file...&quot;&#10;sh ${PROJECT_DIR}/clkernel2hpp.sh ${PROJECT_DIR}/CT_reconstruction/FISTA.cl kernel_src_fista&#10;echo &quot;done.&quot;"
               shellToInvoke = "/bin/sh">
               <EnvironmentBuildable>
                  <BuildableReference
                     BuildableIdentifier = "primary"
                     BlueprintIdentifier = "2E3B76721B3847C400BDFBF9"
                     BuildableName = "CT_reconstruction"
                     BlueprintName = "CT_reconstruction"
                     ReferencedContainer = "container:CT-XAFS_analysis.xcodeproj">
                  </BuildableReference>
               </EnvironmentBuildable>
            </ActionContent>
         </ExecutionAction>
      </PreActions>
      <BuildActionEntries>
         <BuildActionEntry
            buildForTesting = "YES"
            buildForRunning = "YES"
            buildForProfiling = "YES"
            buildForArchiving = "YES"
            buildForAnalyzing = "YES">
            <BuildableReference
               BuildableIdentifier = "primary"
               BlueprintIdentifier = "2E3B76721B3847C400BDFBF9"
               BuildableName = "CT_reconstruction"
               BlueprintName = "CT_reconstruction"
               ReferencedContainer = "container:CT-XAFS_analysis.xcodeproj">
            </BuildableReference>
         </BuildActionEntry>
      </BuildActionEntries>
   </BuildAction>
   <TestAction
      buildConfiguration = "Debug"
      selectedDebuggerIdentifier = "Xcode.DebuggerFoundation.Debugger.LLDB"
      selectedLauncherIdentifier = "Xcode.DebuggerFoundation.Launcher.LLDB"
      language = ""
      shouldUseLaunchSchemeArgsEnv = "YES">
      <Testables>
      </Testables>
      <MacroExpansion>
         <BuildableReference
            BuildableIdentifier = "primary"
            BlueprintIdentifier = "2E3B76721B3847C400BDFBF9"
            BuildableName = "CT_reconstruction"
            BlueprintName = "CT_reconstruction"
            ReferencedContainer = "container:CT-XAFS_analysis.xcodeproj">
         </BuildableReference>
      </MacroExpansion>
      <AdditionalOptions>
      </AdditionalOptions>
   </TestAction>
   <LaunchAction
      buildConfiguration = "Release"
      selectedDebuggerIdentifier = "Xcode.DebuggerFoundation.Debugger.LLDB"
      selectedLauncherIdentifier = "Xcode.DebuggerFoundation.Launcher.LLDB"
      language = ""
      launchStyle = "0"
      useCustomWorkingDirectory = "YES"
      customWorkingDirectory = "/Users/ishiguro/Desktop/CT_programs/CT-XANES_analysis/CT_reconstruction"
      ignoresPersistentStateOnLaunch = "NO"
      debugDocumentVersioning = "YES"
      debugServiceExtension = "internal"
      allowLocationSimulation = "YES">
      <BuildableProductRunnable
         runnableDebuggingMode = "0">
         <BuildableReference
            BuildableIdentifier = "primary"
            BlueprintIdentifier = "2E3B76721B3847C400BDFBF9"
            BuildableName = "CT_reconstruction"
            BlueprintName = "CT_reconstruction"
            ReferencedContainer = "container:CT-XAFS_analysis.xcodeproj">
         </BuildableReference>
      </BuildableProductRunnable>
      <AdditionalOptions>
      </AdditionalOptions>
   </LaunchAction>
   <ProfileAction
      buildConfiguration = "Release"
      shouldUseLaunchSchemeArgsEnv = "YES"
      savedToolIdentifier = ""
      useCustomWorkingDirectory = "NO"
      debugDocumentVersioning = "YES">
      <BuildableProductRunnable
         runnableDebuggingMode = "0">
         <BuildableReference
            BuildableIdentifier = "primary"
            BlueprintIdentifier = "2E3B76721B3847C400BDFBF9"
            BuildableName = "CT_reconstruction"
            BlueprintName = "CT_reconstruction"
            ReferencedContainer = "container:CT-XAFS_analysis.xcodeproj">
         </BuildableReference>
      </BuildableProductRunnable>
   </ProfileAction>
   <AnalyzeAction
      buildConfiguration = "Debug">
   </AnalyzeAction>
   <ArchiveAction
      buildConfiguration = "Release"
      revealArchiveInOrganizer = "YES">
   </ArchiveAction>
</Scheme>
